// !$*UTF8*$!
{
	archiveVersion = 1;
	classes = {
	};
	objectVersion = 56;
	objects = {

/* Begin PBXBuildFile section */
		7E4923922A621B7E007F05BA /* ContentViewModelTests.swift in Sources */ = {isa = PBXBuildFile; fileRef = 7E4923912A621B7E007F05BA /* ContentViewModelTests.swift */; };
		7E4923942A6225F5007F05BA /* StockStructTests.swift in Sources */ = {isa = PBXBuildFile; fileRef = 7E4923932A6225F5007F05BA /* StockStructTests.swift */; };
		7EEB4F492A5F2BD40004556B /* StocksApp.swift in Sources */ = {isa = PBXBuildFile; fileRef = 7EEB4F482A5F2BD40004556B /* StocksApp.swift */; };
		7EEB4F4B2A5F2BD40004556B /* ContentView.swift in Sources */ = {isa = PBXBuildFile; fileRef = 7EEB4F4A2A5F2BD40004556B /* ContentView.swift */; };
		7EEB4F4D2A5F2BD50004556B /* Assets.xcassets in Resources */ = {isa = PBXBuildFile; fileRef = 7EEB4F4C2A5F2BD50004556B /* Assets.xcassets */; };
		7EEB4F502A5F2BD50004556B /* Preview Assets.xcassets in Resources */ = {isa = PBXBuildFile; fileRef = 7EEB4F4F2A5F2BD50004556B /* Preview Assets.xcassets */; };
		7EEB4F5A2A5F2BD50004556B /* NetworkServiceTests.swift in Sources */ = {isa = PBXBuildFile; fileRef = 7EEB4F592A5F2BD50004556B /* NetworkServiceTests.swift */; };
		7EEB4F642A5F2BD50004556B /* StocksUITests.swift in Sources */ = {isa = PBXBuildFile; fileRef = 7EEB4F632A5F2BD50004556B /* StocksUITests.swift */; };
		7EEB4F662A5F2BD50004556B /* StocksUITestsLaunchTests.swift in Sources */ = {isa = PBXBuildFile; fileRef = 7EEB4F652A5F2BD50004556B /* StocksUITestsLaunchTests.swift */; };
		7EEB4F742A5F6C290004556B /* NetworkService.swift in Sources */ = {isa = PBXBuildFile; fileRef = 7EEB4F732A5F6C290004556B /* NetworkService.swift */; };
		7EEB4F772A5F6CA00004556B /* PortfolioModel.swift in Sources */ = {isa = PBXBuildFile; fileRef = 7EEB4F762A5F6CA00004556B /* PortfolioModel.swift */; };
		7EEB4F7A2A5F6E7B0004556B /* ContentViewModel.swift in Sources */ = {isa = PBXBuildFile; fileRef = 7EEB4F792A5F6E7B0004556B /* ContentViewModel.swift */; };
		7EEB4F7D2A5F7BD80004556B /* API_SuccessData.json in Resources */ = {isa = PBXBuildFile; fileRef = 7EEB4F7C2A5F7BD80004556B /* API_SuccessData.json */; };
		7EEB4F832A60B9CF0004556B /* API_MalformedData.json in Resources */ = {isa = PBXBuildFile; fileRef = 7EEB4F822A60B9CF0004556B /* API_MalformedData.json */; };
		7EEB4F862A61D2F90004556B /* StockCardView.swift in Sources */ = {isa = PBXBuildFile; fileRef = 7EEB4F852A61D2F90004556B /* StockCardView.swift */; };
		7EEB4F8B2A61DE4D0004556B /* BackgroundView.swift in Sources */ = {isa = PBXBuildFile; fileRef = 7EEB4F8A2A61DE4D0004556B /* BackgroundView.swift */; };
		7EEB4F8D2A61F8120004556B /* StockDetailsSheetView.swift in Sources */ = {isa = PBXBuildFile; fileRef = 7EEB4F8C2A61F8120004556B /* StockDetailsSheetView.swift */; };
/* End PBXBuildFile section */

/* Begin PBXContainerItemProxy section */
		7EEB4F562A5F2BD50004556B /* PBXContainerItemProxy */ = {
			isa = PBXContainerItemProxy;
			containerPortal = 7EEB4F3D2A5F2BD40004556B /* Project object */;
			proxyType = 1;
			remoteGlobalIDString = 7EEB4F442A5F2BD40004556B;
			remoteInfo = Stocks;
		};
		7EEB4F602A5F2BD50004556B /* PBXContainerItemProxy */ = {
			isa = PBXContainerItemProxy;
			containerPortal = 7EEB4F3D2A5F2BD40004556B /* Project object */;
			proxyType = 1;
			remoteGlobalIDString = 7EEB4F442A5F2BD40004556B;
			remoteInfo = Stocks;
		};
/* End PBXContainerItemProxy section */

/* Begin PBXFileReference section */
		7E4923912A621B7E007F05BA /* ContentViewModelTests.swift */ = {isa = PBXFileReference; lastKnownFileType = sourcecode.swift; path = ContentViewModelTests.swift; sourceTree = "<group>"; };
		7E4923932A6225F5007F05BA /* StockStructTests.swift */ = {isa = PBXFileReference; lastKnownFileType = sourcecode.swift; path = StockStructTests.swift; sourceTree = "<group>"; };
		7EEB4F452A5F2BD40004556B /* Stocks.app */ = {isa = PBXFileReference; explicitFileType = wrapper.application; includeInIndex = 0; path = Stocks.app; sourceTree = BUILT_PRODUCTS_DIR; };
		7EEB4F482A5F2BD40004556B /* StocksApp.swift */ = {isa = PBXFileReference; lastKnownFileType = sourcecode.swift; path = StocksApp.swift; sourceTree = "<group>"; };
		7EEB4F4A2A5F2BD40004556B /* ContentView.swift */ = {isa = PBXFileReference; lastKnownFileType = sourcecode.swift; path = ContentView.swift; sourceTree = "<group>"; };
		7EEB4F4C2A5F2BD50004556B /* Assets.xcassets */ = {isa = PBXFileReference; lastKnownFileType = folder.assetcatalog; path = Assets.xcassets; sourceTree = "<group>"; };
		7EEB4F4F2A5F2BD50004556B /* Preview Assets.xcassets */ = {isa = PBXFileReference; lastKnownFileType = folder.assetcatalog; path = "Preview Assets.xcassets"; sourceTree = "<group>"; };
		7EEB4F552A5F2BD50004556B /* StocksTests.xctest */ = {isa = PBXFileReference; explicitFileType = wrapper.cfbundle; includeInIndex = 0; path = StocksTests.xctest; sourceTree = BUILT_PRODUCTS_DIR; };
		7EEB4F592A5F2BD50004556B /* NetworkServiceTests.swift */ = {isa = PBXFileReference; lastKnownFileType = sourcecode.swift; path = NetworkServiceTests.swift; sourceTree = "<group>"; };
		7EEB4F5F2A5F2BD50004556B /* StocksUITests.xctest */ = {isa = PBXFileReference; explicitFileType = wrapper.cfbundle; includeInIndex = 0; path = StocksUITests.xctest; sourceTree = BUILT_PRODUCTS_DIR; };
		7EEB4F632A5F2BD50004556B /* StocksUITests.swift */ = {isa = PBXFileReference; lastKnownFileType = sourcecode.swift; path = StocksUITests.swift; sourceTree = "<group>"; };
		7EEB4F652A5F2BD50004556B /* StocksUITestsLaunchTests.swift */ = {isa = PBXFileReference; lastKnownFileType = sourcecode.swift; path = StocksUITestsLaunchTests.swift; sourceTree = "<group>"; };
		7EEB4F732A5F6C290004556B /* NetworkService.swift */ = {isa = PBXFileReference; lastKnownFileType = sourcecode.swift; path = NetworkService.swift; sourceTree = "<group>"; };
		7EEB4F762A5F6CA00004556B /* PortfolioModel.swift */ = {isa = PBXFileReference; lastKnownFileType = sourcecode.swift; path = PortfolioModel.swift; sourceTree = "<group>"; };
		7EEB4F792A5F6E7B0004556B /* ContentViewModel.swift */ = {isa = PBXFileReference; lastKnownFileType = sourcecode.swift; path = ContentViewModel.swift; sourceTree = "<group>"; };
		7EEB4F7B2A5F76CA0004556B /* Stocks.xctestplan */ = {isa = PBXFileReference; lastKnownFileType = text; path = Stocks.xctestplan; sourceTree = "<group>"; };
		7EEB4F7C2A5F7BD80004556B /* API_SuccessData.json */ = {isa = PBXFileReference; fileEncoding = 4; lastKnownFileType = text.json; path = API_SuccessData.json; sourceTree = "<group>"; };
		7EEB4F822A60B9CF0004556B /* API_MalformedData.json */ = {isa = PBXFileReference; fileEncoding = 4; lastKnownFileType = text.json; path = API_MalformedData.json; sourceTree = "<group>"; };
		7EEB4F852A61D2F90004556B /* StockCardView.swift */ = {isa = PBXFileReference; lastKnownFileType = sourcecode.swift; path = StockCardView.swift; sourceTree = "<group>"; };
		7EEB4F8A2A61DE4D0004556B /* BackgroundView.swift */ = {isa = PBXFileReference; lastKnownFileType = sourcecode.swift; path = BackgroundView.swift; sourceTree = "<group>"; };
		7EEB4F8C2A61F8120004556B /* StockDetailsSheetView.swift */ = {isa = PBXFileReference; lastKnownFileType = sourcecode.swift; path = StockDetailsSheetView.swift; sourceTree = "<group>"; };
/* End PBXFileReference section */

/* Begin PBXFrameworksBuildPhase section */
		7EEB4F422A5F2BD40004556B /* Frameworks */ = {
			isa = PBXFrameworksBuildPhase;
			buildActionMask = 2147483647;
			files = (
			);
			runOnlyForDeploymentPostprocessing = 0;
		};
		7EEB4F522A5F2BD50004556B /* Frameworks */ = {
			isa = PBXFrameworksBuildPhase;
			buildActionMask = 2147483647;
			files = (
			);
			runOnlyForDeploymentPostprocessing = 0;
		};
		7EEB4F5C2A5F2BD50004556B /* Frameworks */ = {
			isa = PBXFrameworksBuildPhase;
			buildActionMask = 2147483647;
			files = (
			);
			runOnlyForDeploymentPostprocessing = 0;
		};
/* End PBXFrameworksBuildPhase section */

/* Begin PBXGroup section */
		7EEB4F3C2A5F2BD40004556B = {
			isa = PBXGroup;
			children = (
				7EEB4F7B2A5F76CA0004556B /* Stocks.xctestplan */,
				7EEB4F472A5F2BD40004556B /* Stocks */,
				7EEB4F582A5F2BD50004556B /* StocksTests */,
				7EEB4F622A5F2BD50004556B /* StocksUITests */,
				7EEB4F462A5F2BD40004556B /* Products */,
			);
			sourceTree = "<group>";
		};
		7EEB4F462A5F2BD40004556B /* Products */ = {
			isa = PBXGroup;
			children = (
				7EEB4F452A5F2BD40004556B /* Stocks.app */,
				7EEB4F552A5F2BD50004556B /* StocksTests.xctest */,
				7EEB4F5F2A5F2BD50004556B /* StocksUITests.xctest */,
			);
			name = Products;
			sourceTree = "<group>";
		};
		7EEB4F472A5F2BD40004556B /* Stocks */ = {
			isa = PBXGroup;
			children = (
				7EEB4F842A61D2D00004556B /* Views */,
				7EEB4F782A5F6E690004556B /* ViewModel */,
				7EEB4F752A5F6C7F0004556B /* Model */,
				7EEB4F722A5F6C070004556B /* Services */,
				7EEB4F482A5F2BD40004556B /* StocksApp.swift */,
				7EEB4F4A2A5F2BD40004556B /* ContentView.swift */,
				7EEB4F4C2A5F2BD50004556B /* Assets.xcassets */,
				7EEB4F4E2A5F2BD50004556B /* Preview Content */,
			);
			path = Stocks;
			sourceTree = "<group>";
		};
		7EEB4F4E2A5F2BD50004556B /* Preview Content */ = {
			isa = PBXGroup;
			children = (
				7EEB4F4F2A5F2BD50004556B /* Preview Assets.xcassets */,
			);
			path = "Preview Content";
			sourceTree = "<group>";
		};
		7EEB4F582A5F2BD50004556B /* StocksTests */ = {
			isa = PBXGroup;
			children = (
				7EEB4F592A5F2BD50004556B /* NetworkServiceTests.swift */,
				7EEB4F822A60B9CF0004556B /* API_MalformedData.json */,
				7EEB4F7C2A5F7BD80004556B /* API_SuccessData.json */,
				7E4923912A621B7E007F05BA /* ContentViewModelTests.swift */,
				7E4923932A6225F5007F05BA /* StockStructTests.swift */,
			);
			path = StocksTests;
			sourceTree = "<group>";
		};
		7EEB4F622A5F2BD50004556B /* StocksUITests */ = {
			isa = PBXGroup;
			children = (
				7EEB4F632A5F2BD50004556B /* StocksUITests.swift */,
				7EEB4F652A5F2BD50004556B /* StocksUITestsLaunchTests.swift */,
			);
			path = StocksUITests;
			sourceTree = "<group>";
		};
		7EEB4F722A5F6C070004556B /* Services */ = {
			isa = PBXGroup;
			children = (
				7EEB4F732A5F6C290004556B /* NetworkService.swift */,
			);
			path = Services;
			sourceTree = "<group>";
		};
		7EEB4F752A5F6C7F0004556B /* Model */ = {
			isa = PBXGroup;
			children = (
				7EEB4F762A5F6CA00004556B /* PortfolioModel.swift */,
			);
			path = Model;
			sourceTree = "<group>";
		};
		7EEB4F782A5F6E690004556B /* ViewModel */ = {
			isa = PBXGroup;
			children = (
				7EEB4F792A5F6E7B0004556B /* ContentViewModel.swift */,
			);
			path = ViewModel;
			sourceTree = "<group>";
		};
		7EEB4F842A61D2D00004556B /* Views */ = {
			isa = PBXGroup;
			children = (
				7EEB4F852A61D2F90004556B /* StockCardView.swift */,
				7EEB4F8A2A61DE4D0004556B /* BackgroundView.swift */,
				7EEB4F8C2A61F8120004556B /* StockDetailsSheetView.swift */,
			);
			path = Views;
			sourceTree = "<group>";
		};
/* End PBXGroup section */

/* Begin PBXNativeTarget section */
		7EEB4F442A5F2BD40004556B /* Stocks */ = {
			isa = PBXNativeTarget;
			buildConfigurationList = 7EEB4F692A5F2BD50004556B /* Build configuration list for PBXNativeTarget "Stocks" */;
			buildPhases = (
				7EEB4F412A5F2BD40004556B /* Sources */,
				7EEB4F422A5F2BD40004556B /* Frameworks */,
				7EEB4F432A5F2BD40004556B /* Resources */,
			);
			buildRules = (
			);
			dependencies = (
			);
			name = Stocks;
			productName = Stocks;
			productReference = 7EEB4F452A5F2BD40004556B /* Stocks.app */;
			productType = "com.apple.product-type.application";
		};
		7EEB4F542A5F2BD50004556B /* StocksTests */ = {
			isa = PBXNativeTarget;
			buildConfigurationList = 7EEB4F6C2A5F2BD50004556B /* Build configuration list for PBXNativeTarget "StocksTests" */;
			buildPhases = (
				7EEB4F512A5F2BD50004556B /* Sources */,
				7EEB4F522A5F2BD50004556B /* Frameworks */,
				7EEB4F532A5F2BD50004556B /* Resources */,
			);
			buildRules = (
			);
			dependencies = (
				7EEB4F572A5F2BD50004556B /* PBXTargetDependency */,
			);
			name = StocksTests;
			productName = StocksTests;
			productReference = 7EEB4F552A5F2BD50004556B /* StocksTests.xctest */;
			productType = "com.apple.product-type.bundle.unit-test";
		};
		7EEB4F5E2A5F2BD50004556B /* StocksUITests */ = {
			isa = PBXNativeTarget;
			buildConfigurationList = 7EEB4F6F2A5F2BD50004556B /* Build configuration list for PBXNativeTarget "StocksUITests" */;
			buildPhases = (
				7EEB4F5B2A5F2BD50004556B /* Sources */,
				7EEB4F5C2A5F2BD50004556B /* Frameworks */,
				7EEB4F5D2A5F2BD50004556B /* Resources */,
			);
			buildRules = (
			);
			dependencies = (
				7EEB4F612A5F2BD50004556B /* PBXTargetDependency */,
			);
			name = StocksUITests;
			productName = StocksUITests;
			productReference = 7EEB4F5F2A5F2BD50004556B /* StocksUITests.xctest */;
			productType = "com.apple.product-type.bundle.ui-testing";
		};
/* End PBXNativeTarget section */

/* Begin PBXProject section */
		7EEB4F3D2A5F2BD40004556B /* Project object */ = {
			isa = PBXProject;
			attributes = {
				BuildIndependentTargetsInParallel = 1;
				LastSwiftUpdateCheck = 1430;
				LastUpgradeCheck = 1430;
				TargetAttributes = {
					7EEB4F442A5F2BD40004556B = {
						CreatedOnToolsVersion = 14.3.1;
					};
					7EEB4F542A5F2BD50004556B = {
						CreatedOnToolsVersion = 14.3.1;
						TestTargetID = 7EEB4F442A5F2BD40004556B;
					};
					7EEB4F5E2A5F2BD50004556B = {
						CreatedOnToolsVersion = 14.3.1;
						TestTargetID = 7EEB4F442A5F2BD40004556B;
					};
				};
			};
			buildConfigurationList = 7EEB4F402A5F2BD40004556B /* Build configuration list for PBXProject "Stocks" */;
			compatibilityVersion = "Xcode 14.0";
			developmentRegion = en;
			hasScannedForEncodings = 0;
			knownRegions = (
				en,
				Base,
			);
			mainGroup = 7EEB4F3C2A5F2BD40004556B;
			productRefGroup = 7EEB4F462A5F2BD40004556B /* Products */;
			projectDirPath = "";
			projectRoot = "";
			targets = (
				7EEB4F442A5F2BD40004556B /* Stocks */,
				7EEB4F542A5F2BD50004556B /* StocksTests */,
				7EEB4F5E2A5F2BD50004556B /* StocksUITests */,
			);
		};
/* End PBXProject section */

/* Begin PBXResourcesBuildPhase section */
		7EEB4F432A5F2BD40004556B /* Resources */ = {
			isa = PBXResourcesBuildPhase;
			buildActionMask = 2147483647;
			files = (
				7EEB4F502A5F2BD50004556B /* Preview Assets.xcassets in Resources */,
				7EEB4F4D2A5F2BD50004556B /* Assets.xcassets in Resources */,
			);
			runOnlyForDeploymentPostprocessing = 0;
		};
		7EEB4F532A5F2BD50004556B /* Resources */ = {
			isa = PBXResourcesBuildPhase;
			buildActionMask = 2147483647;
			files = (
				7EEB4F832A60B9CF0004556B /* API_MalformedData.json in Resources */,
				7EEB4F7D2A5F7BD80004556B /* API_SuccessData.json in Resources */,
			);
			runOnlyForDeploymentPostprocessing = 0;
		};
		7EEB4F5D2A5F2BD50004556B /* Resources */ = {
			isa = PBXResourcesBuildPhase;
			buildActionMask = 2147483647;
			files = (
			);
			runOnlyForDeploymentPostprocessing = 0;
		};
/* End PBXResourcesBuildPhase section */

/* Begin PBXSourcesBuildPhase section */
		7EEB4F412A5F2BD40004556B /* Sources */ = {
			isa = PBXSourcesBuildPhase;
			buildActionMask = 2147483647;
			files = (
				7EEB4F4B2A5F2BD40004556B /* ContentView.swift in Sources */,
				7EEB4F742A5F6C290004556B /* NetworkService.swift in Sources */,
				7EEB4F8B2A61DE4D0004556B /* BackgroundView.swift in Sources */,
				7EEB4F772A5F6CA00004556B /* PortfolioModel.swift in Sources */,
				7EEB4F8D2A61F8120004556B /* StockDetailsSheetView.swift in Sources */,
				7EEB4F492A5F2BD40004556B /* StocksApp.swift in Sources */,
				7EEB4F7A2A5F6E7B0004556B /* ContentViewModel.swift in Sources */,
				7EEB4F862A61D2F90004556B /* StockCardView.swift in Sources */,
			);
			runOnlyForDeploymentPostprocessing = 0;
		};
		7EEB4F512A5F2BD50004556B /* Sources */ = {
			isa = PBXSourcesBuildPhase;
			buildActionMask = 2147483647;
			files = (
				7E4923922A621B7E007F05BA /* ContentViewModelTests.swift in Sources */,
				7E4923942A6225F5007F05BA /* StockStructTests.swift in Sources */,
				7EEB4F5A2A5F2BD50004556B /* NetworkServiceTests.swift in Sources */,
			);
			runOnlyForDeploymentPostprocessing = 0;
		};
		7EEB4F5B2A5F2BD50004556B /* Sources */ = {
			isa = PBXSourcesBuildPhase;
			buildActionMask = 2147483647;
			files = (
				7EEB4F642A5F2BD50004556B /* StocksUITests.swift in Sources */,
				7EEB4F662A5F2BD50004556B /* StocksUITestsLaunchTests.swift in Sources */,
			);
			runOnlyForDeploymentPostprocessing = 0;
		};
/* End PBXSourcesBuildPhase section */

/* Begin PBXTargetDependency section */
		7EEB4F572A5F2BD50004556B /* PBXTargetDependency */ = {
			isa = PBXTargetDependency;
			target = 7EEB4F442A5F2BD40004556B /* Stocks */;
			targetProxy = 7EEB4F562A5F2BD50004556B /* PBXContainerItemProxy */;
		};
		7EEB4F612A5F2BD50004556B /* PBXTargetDependency */ = {
			isa = PBXTargetDependency;
			target = 7EEB4F442A5F2BD40004556B /* Stocks */;
			targetProxy = 7EEB4F602A5F2BD50004556B /* PBXContainerItemProxy */;
		};
/* End PBXTargetDependency section */

/* Begin XCBuildConfiguration section */
		7EEB4F672A5F2BD50004556B /* Debug */ = {
			isa = XCBuildConfiguration;
			buildSettings = {
				ALWAYS_SEARCH_USER_PATHS = NO;
				CLANG_ANALYZER_NONNULL = YES;
				CLANG_ANALYZER_NUMBER_OBJECT_CONVERSION = YES_AGGRESSIVE;
				CLANG_CXX_LANGUAGE_STANDARD = "gnu++20";
				CLANG_ENABLE_MODULES = YES;
				CLANG_ENABLE_OBJC_ARC = YES;
				CLANG_ENABLE_OBJC_WEAK = YES;
				CLANG_WARN_BLOCK_CAPTURE_AUTORELEASING = YES;
				CLANG_WARN_BOOL_CONVERSION = YES;
				CLANG_WARN_COMMA = YES;
				CLANG_WARN_CONSTANT_CONVERSION = YES;
				CLANG_WARN_DEPRECATED_OBJC_IMPLEMENTATIONS = YES;
				CLANG_WARN_DIRECT_OBJC_ISA_USAGE = YES_ERROR;
				CLANG_WARN_DOCUMENTATION_COMMENTS = YES;
				CLANG_WARN_EMPTY_BODY = YES;
				CLANG_WARN_ENUM_CONVERSION = YES;
				CLANG_WARN_INFINITE_RECURSION = YES;
				CLANG_WARN_INT_CONVERSION = YES;
				CLANG_WARN_NON_LITERAL_NULL_CONVERSION = YES;
				CLANG_WARN_OBJC_IMPLICIT_RETAIN_SELF = YES;
				CLANG_WARN_OBJC_LITERAL_CONVERSION = YES;
				CLANG_WARN_OBJC_ROOT_CLASS = YES_ERROR;
				CLANG_WARN_QUOTED_INCLUDE_IN_FRAMEWORK_HEADER = YES;
				CLANG_WARN_RANGE_LOOP_ANALYSIS = YES;
				CLANG_WARN_STRICT_PROTOTYPES = YES;
				CLANG_WARN_SUSPICIOUS_MOVE = YES;
				CLANG_WARN_UNGUARDED_AVAILABILITY = YES_AGGRESSIVE;
				CLANG_WARN_UNREACHABLE_CODE = YES;
				CLANG_WARN__DUPLICATE_METHOD_MATCH = YES;
				COPY_PHASE_STRIP = NO;
				DEBUG_INFORMATION_FORMAT = dwarf;
				ENABLE_STRICT_OBJC_MSGSEND = YES;
				ENABLE_TESTABILITY = YES;
				GCC_C_LANGUAGE_STANDARD = gnu11;
				GCC_DYNAMIC_NO_PIC = NO;
				GCC_NO_COMMON_BLOCKS = YES;
				GCC_OPTIMIZATION_LEVEL = 0;
				GCC_PREPROCESSOR_DEFINITIONS = (
					"DEBUG=1",
					"$(inherited)",
				);
				GCC_WARN_64_TO_32_BIT_CONVERSION = YES;
				GCC_WARN_ABOUT_RETURN_TYPE = YES_ERROR;
				GCC_WARN_UNDECLARED_SELECTOR = YES;
				GCC_WARN_UNINITIALIZED_AUTOS = YES_AGGRESSIVE;
				GCC_WARN_UNUSED_FUNCTION = YES;
				GCC_WARN_UNUSED_VARIABLE = YES;
				IPHONEOS_DEPLOYMENT_TARGET = 16.4;
				MTL_ENABLE_DEBUG_INFO = INCLUDE_SOURCE;
				MTL_FAST_MATH = YES;
				ONLY_ACTIVE_ARCH = YES;
				SDKROOT = iphoneos;
				SWIFT_ACTIVE_COMPILATION_CONDITIONS = DEBUG;
				SWIFT_OPTIMIZATION_LEVEL = "-Onone";
			};
			name = Debug;
		};
		7EEB4F682A5F2BD50004556B /* Release */ = {
			isa = XCBuildConfiguration;
			buildSettings = {
				ALWAYS_SEARCH_USER_PATHS = NO;
				CLANG_ANALYZER_NONNULL = YES;
				CLANG_ANALYZER_NUMBER_OBJECT_CONVERSION = YES_AGGRESSIVE;
				CLANG_CXX_LANGUAGE_STANDARD = "gnu++20";
				CLANG_ENABLE_MODULES = YES;
				CLANG_ENABLE_OBJC_ARC = YES;
				CLANG_ENABLE_OBJC_WEAK = YES;
				CLANG_WARN_BLOCK_CAPTURE_AUTORELEASING = YES;
				CLANG_WARN_BOOL_CONVERSION = YES;
				CLANG_WARN_COMMA = YES;
				CLANG_WARN_CONSTANT_CONVERSION = YES;
				CLANG_WARN_DEPRECATED_OBJC_IMPLEMENTATIONS = YES;
				CLANG_WARN_DIRECT_OBJC_ISA_USAGE = YES_ERROR;
				CLANG_WARN_DOCUMENTATION_COMMENTS = YES;
				CLANG_WARN_EMPTY_BODY = YES;
				CLANG_WARN_ENUM_CONVERSION = YES;
				CLANG_WARN_INFINITE_RECURSION = YES;
				CLANG_WARN_INT_CONVERSION = YES;
				CLANG_WARN_NON_LITERAL_NULL_CONVERSION = YES;
				CLANG_WARN_OBJC_IMPLICIT_RETAIN_SELF = YES;
				CLANG_WARN_OBJC_LITERAL_CONVERSION = YES;
				CLANG_WARN_OBJC_ROOT_CLASS = YES_ERROR;
				CLANG_WARN_QUOTED_INCLUDE_IN_FRAMEWORK_HEADER = YES;
				CLANG_WARN_RANGE_LOOP_ANALYSIS = YES;
				CLANG_WARN_STRICT_PROTOTYPES = YES;
				CLANG_WARN_SUSPICIOUS_MOVE = YES;
				CLANG_WARN_UNGUARDED_AVAILABILITY = YES_AGGRESSIVE;
				CLANG_WARN_UNREACHABLE_CODE = YES;
				CLANG_WARN__DUPLICATE_METHOD_MATCH = YES;
				COPY_PHASE_STRIP = NO;
				DEBUG_INFORMATION_FORMAT = "dwarf-with-dsym";
				ENABLE_NS_ASSERTIONS = NO;
				ENABLE_STRICT_OBJC_MSGSEND = YES;
				GCC_C_LANGUAGE_STANDARD = gnu11;
				GCC_NO_COMMON_BLOCKS = YES;
				GCC_WARN_64_TO_32_BIT_CONVERSION = YES;
				GCC_WARN_ABOUT_RETURN_TYPE = YES_ERROR;
				GCC_WARN_UNDECLARED_SELECTOR = YES;
				GCC_WARN_UNINITIALIZED_AUTOS = YES_AGGRESSIVE;
				GCC_WARN_UNUSED_FUNCTION = YES;
				GCC_WARN_UNUSED_VARIABLE = YES;
				IPHONEOS_DEPLOYMENT_TARGET = 16.4;
				MTL_ENABLE_DEBUG_INFO = NO;
				MTL_FAST_MATH = YES;
				SDKROOT = iphoneos;
				SWIFT_COMPILATION_MODE = wholemodule;
				SWIFT_OPTIMIZATION_LEVEL = "-O";
				VALIDATE_PRODUCT = YES;
			};
			name = Release;
		};
		7EEB4F6A2A5F2BD50004556B /* Debug */ = {
			isa = XCBuildConfiguration;
			buildSettings = {
				ASSETCATALOG_COMPILER_APPICON_NAME = AppIcon;
				ASSETCATALOG_COMPILER_GLOBAL_ACCENT_COLOR_NAME = AccentColor;
				CODE_SIGN_STYLE = Automatic;
				CURRENT_PROJECT_VERSION = 1;
				DEVELOPMENT_ASSET_PATHS = "\"Stocks/Preview Content\"";
				ENABLE_PREVIEWS = YES;
				GENERATE_INFOPLIST_FILE = YES;
				INFOPLIST_KEY_UIApplicationSceneManifest_Generation = YES;
				INFOPLIST_KEY_UIApplicationSupportsIndirectInputEvents = YES;
				INFOPLIST_KEY_UILaunchScreen_Generation = YES;
				INFOPLIST_KEY_UISupportedInterfaceOrientations_iPad = "UIInterfaceOrientationPortrait UIInterfaceOrientationPortraitUpsideDown UIInterfaceOrientationLandscapeLeft UIInterfaceOrientationLandscapeRight";
				INFOPLIST_KEY_UISupportedInterfaceOrientations_iPhone = "UIInterfaceOrientationPortrait UIInterfaceOrientationLandscapeLeft UIInterfaceOrientationLandscapeRight";
				LD_RUNPATH_SEARCH_PATHS = (
					"$(inherited)",
					"@executable_path/Frameworks",
				);
				MARKETING_VERSION = 1.0;
				PRODUCT_BUNDLE_IDENTIFIER = com.ckrdev.Stocks;
				PRODUCT_NAME = "$(TARGET_NAME)";
				SWIFT_EMIT_LOC_STRINGS = YES;
				SWIFT_VERSION = 5.0;
				TARGETED_DEVICE_FAMILY = "1,2";
			};
			name = Debug;
		};
		7EEB4F6B2A5F2BD50004556B /* Release */ = {
			isa = XCBuildConfiguration;
			buildSettings = {
				ASSETCATALOG_COMPILER_APPICON_NAME = AppIcon;
				ASSETCATALOG_COMPILER_GLOBAL_ACCENT_COLOR_NAME = AccentColor;
				CODE_SIGN_STYLE = Automatic;
				CURRENT_PROJECT_VERSION = 1;
				DEVELOPMENT_ASSET_PATHS = "\"Stocks/Preview Content\"";
				ENABLE_PREVIEWS = YES;
				GENERATE_INFOPLIST_FILE = YES;
				INFOPLIST_KEY_UIApplicationSceneManifest_Generation = YES;
				INFOPLIST_KEY_UIApplicationSupportsIndirectInputEvents = YES;
				INFOPLIST_KEY_UILaunchScreen_Generation = YES;
				INFOPLIST_KEY_UISupportedInterfaceOrientations_iPad = "UIInterfaceOrientationPortrait UIInterfaceOrientationPortraitUpsideDown UIInterfaceOrientationLandscapeLeft UIInterfaceOrientationLandscapeRight";
				INFOPLIST_KEY_UISupportedInterfaceOrientations_iPhone = "UIInterfaceOrientationPortrait UIInterfaceOrientationLandscapeLeft UIInterfaceOrientationLandscapeRight";
				LD_RUNPATH_SEARCH_PATHS = (
					"$(inherited)",
					"@executable_path/Frameworks",
				);
				MARKETING_VERSION = 1.0;
				PRODUCT_BUNDLE_IDENTIFIER = com.ckrdev.Stocks;
				PRODUCT_NAME = "$(TARGET_NAME)";
				SWIFT_EMIT_LOC_STRINGS = YES;
				SWIFT_VERSION = 5.0;
				TARGETED_DEVICE_FAMILY = "1,2";
			};
			name = Release;
		};
		7EEB4F6D2A5F2BD50004556B /* Debug */ = {
			isa = XCBuildConfiguration;
			buildSettings = {
				ALWAYS_EMBED_SWIFT_STANDARD_LIBRARIES = YES;
				BUNDLE_LOADER = "$(TEST_HOST)";
				CODE_SIGN_STYLE = Automatic;
				CURRENT_PROJECT_VERSION = 1;
				GENERATE_INFOPLIST_FILE = YES;
				IPHONEOS_DEPLOYMENT_TARGET = 16.4;
				MARKETING_VERSION = 1.0;
				PRODUCT_BUNDLE_IDENTIFIER = com.ckrdev.StocksTests;
				PRODUCT_NAME = "$(TARGET_NAME)";
				SWIFT_EMIT_LOC_STRINGS = NO;
				SWIFT_VERSION = 5.0;
				TARGETED_DEVICE_FAMILY = "1,2";
				TEST_HOST = "$(BUILT_PRODUCTS_DIR)/Stocks.app/$(BUNDLE_EXECUTABLE_FOLDER_PATH)/Stocks";
			};
			name = Debug;
		};
		7EEB4F6E2A5F2BD50004556B /* Release */ = {
			isa = XCBuildConfiguration;
			buildSettings = {
				ALWAYS_EMBED_SWIFT_STANDARD_LIBRARIES = YES;
				BUNDLE_LOADER = "$(TEST_HOST)";
				CODE_SIGN_STYLE = Automatic;
				CURRENT_PROJECT_VERSION = 1;
				GENERATE_INFOPLIST_FILE = YES;
				IPHONEOS_DEPLOYMENT_TARGET = 16.4;
				MARKETING_VERSION = 1.0;
				PRODUCT_BUNDLE_IDENTIFIER = com.ckrdev.StocksTests;
				PRODUCT_NAME = "$(TARGET_NAME)";
				SWIFT_EMIT_LOC_STRINGS = NO;
				SWIFT_VERSION = 5.0;
				TARGETED_DEVICE_FAMILY = "1,2";
				TEST_HOST = "$(BUILT_PRODUCTS_DIR)/Stocks.app/$(BUNDLE_EXECUTABLE_FOLDER_PATH)/Stocks";
			};
			name = Release;
		};
		7EEB4F702A5F2BD50004556B /* Debug */ = {
			isa = XCBuildConfiguration;
			buildSettings = {
				ALWAYS_EMBED_SWIFT_STANDARD_LIBRARIES = YES;
				CODE_SIGN_STYLE = Automatic;
				CURRENT_PROJECT_VERSION = 1;
				GENERATE_INFOPLIST_FILE = YES;
				MARKETING_VERSION = 1.0;
				PRODUCT_BUNDLE_IDENTIFIER = com.ckrdev.StocksUITests;
				PRODUCT_NAME = "$(TARGET_NAME)";
				SWIFT_EMIT_LOC_STRINGS = NO;
				SWIFT_VERSION = 5.0;
				TARGETED_DEVICE_FAMILY = "1,2";
				TEST_TARGET_NAME = Stocks;
			};
			name = Debug;
		};
		7EEB4F712A5F2BD50004556B /* Release */ = {
			isa = XCBuildConfiguration;
			buildSettings = {
				ALWAYS_EMBED_SWIFT_STANDARD_LIBRARIES = YES;
				CODE_SIGN_STYLE = Automatic;
				CURRENT_PROJECT_VERSION = 1;
				GENERATE_INFOPLIST_FILE = YES;
				MARKETING_VERSION = 1.0;
				PRODUCT_BUNDLE_IDENTIFIER = com.ckrdev.StocksUITests;
				PRODUCT_NAME = "$(TARGET_NAME)";
				SWIFT_EMIT_LOC_STRINGS = NO;
				SWIFT_VERSION = 5.0;
				TARGETED_DEVICE_FAMILY = "1,2";
				TEST_TARGET_NAME = Stocks;
			};
			name = Release;
		};
/* End XCBuildConfiguration section */

/* Begin XCConfigurationList section */
		7EEB4F402A5F2BD40004556B /* Build configuration list for PBXProject "Stocks" */ = {
			isa = XCConfigurationList;
			buildConfigurations = (
				7EEB4F672A5F2BD50004556B /* Debug */,
				7EEB4F682A5F2BD50004556B /* Release */,
			);
			defaultConfigurationIsVisible = 0;
			defaultConfigurationName = Release;
		};
		7EEB4F692A5F2BD50004556B /* Build configuration list for PBXNativeTarget "Stocks" */ = {
			isa = XCConfigurationList;
			buildConfigurations = (
				7EEB4F6A2A5F2BD50004556B /* Debug */,
				7EEB4F6B2A5F2BD50004556B /* Release */,
			);
			defaultConfigurationIsVisible = 0;
			defaultConfigurationName = Release;
		};
		7EEB4F6C2A5F2BD50004556B /* Build configuration list for PBXNativeTarget "StocksTests" */ = {
			isa = XCConfigurationList;
			buildConfigurations = (
				7EEB4F6D2A5F2BD50004556B /* Debug */,
				7EEB4F6E2A5F2BD50004556B /* Release */,
			);
			defaultConfigurationIsVisible = 0;
			defaultConfigurationName = Release;
		};
		7EEB4F6F2A5F2BD50004556B /* Build configuration list for PBXNativeTarget "StocksUITests" */ = {
			isa = XCConfigurationList;
			buildConfigurations = (
				7EEB4F702A5F2BD50004556B /* Debug */,
				7EEB4F712A5F2BD50004556B /* Release */,
			);
			defaultConfigurationIsVisible = 0;
			defaultConfigurationName = Release;
		};
/* End XCConfigurationList section */
	};
	rootObject = 7EEB4F3D2A5F2BD40004556B /* Project object */;
}
